
Microsoft Visual Studio Solution File, Format Version 12.00
# Visual Studio Version 17
VisualStudioVersion = 17.4.33110.190
MinimumVisualStudioVersion = 10.0.40219.1
Project("{FAE04EC0-301F-11D3-BF4B-00C04F79EFBC}") = "UltraLight", "UltraLight\UltraLight.csproj", "{4DD45EB5-D992-4E4F-8D55-8058D3F09D50}"
EndProject
Global
	GlobalSection(SolutionConfigurationPlatforms) = preSolution
		Debug|Any CPU = Debug|Any CPU
		Release|Any CPU = Release|Any CPU
	EndGlobalSection
	GlobalSection(ProjectConfigurationPlatforms) = postSolution
		{4DD45EB5-D992-4E4F-8D55-8058D3F09D50}.Debug|Any CPU.ActiveCfg = Debug|Any CPU
		{4DD45EB5-D992-4E4F-8D55-8058D3F09D50}.Debug|Any CPU.Build.0 = Debug|Any CPU
		{4DD45EB5-D992-4E4F-8D55-8058D3F09D50}.Release|Any CPU.ActiveCfg = Release|Any CPU
		{4DD45EB5-D992-4E4F-8D55-8058D3F09D50}.Release|Any CPU.Build.0 = Release|Any CPU
	EndGlobalSection
	GlobalSection(SolutionProperties) = preSolution
		HideSolutionNode = FALSE
	EndGlobalSection
	GlobalSection(ExtensibilityGlobals) = postSolution
		SolutionGuid = {DD1FC21C-B0CA-41C9-BB81-CEC1D39BCC13}
	EndGlobalSection
EndGlobal
